
Microsoft Visual Studio Solution File, Format Version 12.00
# Visual Studio Version 17
VisualStudioVersion = 17.4.33213.308
MinimumVisualStudioVersion = 10.0.40219.1
Project("{9A19103F-16F7-4668-BE54-9A1E7A4F7556}") = "RentierApplication", "RentierApplication.csproj", "{D6BCAF66-D3C1-4883-B419-4DF81AC5F9FE}"
EndProject
Project("{9A19103F-16F7-4668-BE54-9A1E7A4F7556}") = "RentierApplication.DAL", "..\RentierApplication.DAL\RentierApplication.DAL.csproj", "{13FB49F0-4F39-4646-8F91-876298B0ACE5}"
EndProject
Project("{FAE04EC0-301F-11D3-BF4B-00C04F79EFBC}") = "RentierApplication.BLL", "..\RentierApplication.BLL\RentierApplication.BLL.csproj", "{4C50F9A0-F2C9-4E29-A6E0-14682E2354F8}"
EndProject
Global
	GlobalSection(SolutionConfigurationPlatforms) = preSolution
		Debug|Any CPU = Debug|Any CPU
		Release|Any CPU = Release|Any CPU
	EndGlobalSection
	GlobalSection(ProjectConfigurationPlatforms) = postSolution
		{D6BCAF66-D3C1-4883-B419-4DF81AC5F9FE}.Debug|Any CPU.ActiveCfg = Debug|Any CPU
		{D6BCAF66-D3C1-4883-B419-4DF81AC5F9FE}.Debug|Any CPU.Build.0 = Debug|Any CPU
		{D6BCAF66-D3C1-4883-B419-4DF81AC5F9FE}.Release|Any CPU.ActiveCfg = Release|Any CPU
		{D6BCAF66-D3C1-4883-B419-4DF81AC5F9FE}.Release|Any CPU.Build.0 = Release|Any CPU
		{13FB49F0-4F39-4646-8F91-876298B0ACE5}.Debug|Any CPU.ActiveCfg = Debug|Any CPU
		{13FB49F0-4F39-4646-8F91-876298B0ACE5}.Debug|Any CPU.Build.0 = Debug|Any CPU
		{13FB49F0-4F39-4646-8F91-876298B0ACE5}.Release|Any CPU.ActiveCfg = Release|Any CPU
		{13FB49F0-4F39-4646-8F91-876298B0ACE5}.Release|Any CPU.Build.0 = Release|Any CPU
		{4C50F9A0-F2C9-4E29-A6E0-14682E2354F8}.Debug|Any CPU.ActiveCfg = Debug|Any CPU
		{4C50F9A0-F2C9-4E29-A6E0-14682E2354F8}.Debug|Any CPU.Build.0 = Debug|Any CPU
		{4C50F9A0-F2C9-4E29-A6E0-14682E2354F8}.Release|Any CPU.ActiveCfg = Release|Any CPU
		{4C50F9A0-F2C9-4E29-A6E0-14682E2354F8}.Release|Any CPU.Build.0 = Release|Any CPU
	EndGlobalSection
	GlobalSection(SolutionProperties) = preSolution
		HideSolutionNode = FALSE
	EndGlobalSection
	GlobalSection(ExtensibilityGlobals) = postSolution
		SolutionGuid = {083760B6-CF93-4C93-93C3-8E8DE58391F8}
	EndGlobalSection
EndGlobal
